
Microsoft Visual Studio Solution File, Format Version 12.00
# Visual Studio Version 17
VisualStudioVersion = 17.12.35521.163
MinimumVisualStudioVersion = 10.0.40219.1
Project("{FAE04EC0-301F-11D3-BF4B-00C04F79EFBC}") = "Week2", "Week2\Week2.csproj", "{DB06A39A-8286-4704-B658-D3EADAFFFB52}"
EndProject
Project("{FAE04EC0-301F-11D3-BF4B-00C04F79EFBC}") = "UserGenderValidation", "UserAgeValidation\UserGenderValidation.csproj", "{A43CEF07-FF95-48D0-8FFC-5579558AA42F}"
EndProject
Project("{FAE04EC0-301F-11D3-BF4B-00C04F79EFBC}") = "UserAgeValidation1", "UserAgeValidation1\UserAgeValidation1.csproj", "{AC921D17-786D-4A81-80FA-C87D138A6D64}"
EndProject
Global
	GlobalSection(SolutionConfigurationPlatforms) = preSolution
		Debug|Any CPU = Debug|Any CPU
		Release|Any CPU = Release|Any CPU
	EndGlobalSection
	GlobalSection(ProjectConfigurationPlatforms) = postSolution
		{DB06A39A-8286-4704-B658-D3EADAFFFB52}.Debug|Any CPU.ActiveCfg = Debug|Any CPU
		{DB06A39A-8286-4704-B658-D3EADAFFFB52}.Debug|Any CPU.Build.0 = Debug|Any CPU
		{DB06A39A-8286-4704-B658-D3EADAFFFB52}.Release|Any CPU.ActiveCfg = Release|Any CPU
		{DB06A39A-8286-4704-B658-D3EADAFFFB52}.Release|Any CPU.Build.0 = Release|Any CPU
		{A43CEF07-FF95-48D0-8FFC-5579558AA42F}.Debug|Any CPU.ActiveCfg = Debug|Any CPU
		{A43CEF07-FF95-48D0-8FFC-5579558AA42F}.Debug|Any CPU.Build.0 = Debug|Any CPU
		{A43CEF07-FF95-48D0-8FFC-5579558AA42F}.Release|Any CPU.ActiveCfg = Release|Any CPU
		{A43CEF07-FF95-48D0-8FFC-5579558AA42F}.Release|Any CPU.Build.0 = Release|Any CPU
		{AC921D17-786D-4A81-80FA-C87D138A6D64}.Debug|Any CPU.ActiveCfg = Debug|Any CPU
		{AC921D17-786D-4A81-80FA-C87D138A6D64}.Debug|Any CPU.Build.0 = Debug|Any CPU
		{AC921D17-786D-4A81-80FA-C87D138A6D64}.Release|Any CPU.ActiveCfg = Release|Any CPU
		{AC921D17-786D-4A81-80FA-C87D138A6D64}.Release|Any CPU.Build.0 = Release|Any CPU
	EndGlobalSection
	GlobalSection(SolutionProperties) = preSolution
		HideSolutionNode = FALSE
	EndGlobalSection
EndGlobal
